// !$*UTF8*$!
{
	archiveVersion = 1;
	classes = {
	};
	objectVersion = 50;
	objects = {

/* Begin PBXBuildFile section */
		CE2CA10C25C5BA6400F1874B /* AppDelegate.swift in Sources */ = {isa = PBXBuildFile; fileRef = CE2CA10B25C5BA6400F1874B /* AppDelegate.swift */; };
		CE2CA10E25C5BA6400F1874B /* SceneDelegate.swift in Sources */ = {isa = PBXBuildFile; fileRef = CE2CA10D25C5BA6400F1874B /* SceneDelegate.swift */; };
		CE2CA11025C5BA6400F1874B /* ViewController.swift in Sources */ = {isa = PBXBuildFile; fileRef = CE2CA10F25C5BA6400F1874B /* ViewController.swift */; };
		CE2CA11325C5BA6400F1874B /* Main.storyboard in Resources */ = {isa = PBXBuildFile; fileRef = CE2CA11125C5BA6400F1874B /* Main.storyboard */; };
		CE2CA11525C5BA6600F1874B /* Assets.xcassets in Resources */ = {isa = PBXBuildFile; fileRef = CE2CA11425C5BA6600F1874B /* Assets.xcassets */; };
		CE2CA11825C5BA6600F1874B /* LaunchScreen.storyboard in Resources */ = {isa = PBXBuildFile; fileRef = CE2CA11625C5BA6600F1874B /* LaunchScreen.storyboard */; };
		CE2CA12E25C5BA6600F1874B /* HeroIMDBClientUITests.swift in Sources */ = {isa = PBXBuildFile; fileRef = CE2CA12D25C5BA6600F1874B /* HeroIMDBClientUITests.swift */; };
		CE2CA14525C5CE2F00F1874B /* Bundle+Ext.swift in Sources */ = {isa = PBXBuildFile; fileRef = CE2CA14425C5CE2F00F1874B /* Bundle+Ext.swift */; };
		CE2CA14D25C5D4A300F1874B /* LoadPopularMoview_succed.json in Resources */ = {isa = PBXBuildFile; fileRef = CE2CA14C25C5D4A300F1874B /* LoadPopularMoview_succed.json */; };
		CE2CA15225C5D50100F1874B /* LoadPopularMoview_error.json in Resources */ = {isa = PBXBuildFile; fileRef = CE2CA15125C5D50100F1874B /* LoadPopularMoview_error.json */; };
		CE2CA15825C5D59300F1874B /* MockURLProtocol.swift in Sources */ = {isa = PBXBuildFile; fileRef = CE2CA15725C5D59300F1874B /* MockURLProtocol.swift */; };
		CE2CA16025C5D64B00F1874B /* MockURLProtocol+Factory.swift in Sources */ = {isa = PBXBuildFile; fileRef = CE2CA15F25C5D64B00F1874B /* MockURLProtocol+Factory.swift */; };
		CE2CA16725C5D7A000F1874B /* NetworkRouteTests.swift in Sources */ = {isa = PBXBuildFile; fileRef = CE2CA16625C5D7A000F1874B /* NetworkRouteTests.swift */; };
		CE2CA16F25C5D7FC00F1874B /* NetworkRoute.swift in Sources */ = {isa = PBXBuildFile; fileRef = CE2CA16E25C5D7FC00F1874B /* NetworkRoute.swift */; };
		CE2CA17525C659CF00F1874B /* NetworkProviderTests.swift in Sources */ = {isa = PBXBuildFile; fileRef = CE2CA17425C659CF00F1874B /* NetworkProviderTests.swift */; };
		CE2CA17D25C65A2600F1874B /* NetworkProvider.swift in Sources */ = {isa = PBXBuildFile; fileRef = CE2CA17C25C65A2600F1874B /* NetworkProvider.swift */; };
		CE2CA18525C65EE100F1874B /* NetworkError.swift in Sources */ = {isa = PBXBuildFile; fileRef = CE2CA18425C65EE100F1874B /* NetworkError.swift */; };
		CE2CA18F25C6679500F1874B /* Localization.strings in Resources */ = {isa = PBXBuildFile; fileRef = CE2CA19125C6679500F1874B /* Localization.strings */; };
		CE2CA19825C6699C00F1874B /* String+Ext.swift in Sources */ = {isa = PBXBuildFile; fileRef = CE2CA19725C6699C00F1874B /* String+Ext.swift */; };
		CE2CA19C25C66A6000F1874B /* String+Ext.swift in Sources */ = {isa = PBXBuildFile; fileRef = CE2CA19725C6699C00F1874B /* String+Ext.swift */; };
		CE2CA1A225C66A9E00F1874B /* NetworkErrorTests.swift in Sources */ = {isa = PBXBuildFile; fileRef = CE2CA1A125C66A9E00F1874B /* NetworkErrorTests.swift */; };
		CE2CA1AE25C66C3C00F1874B /* Movie.swift in Sources */ = {isa = PBXBuildFile; fileRef = CE2CA1AD25C66C3C00F1874B /* Movie.swift */; };
		CE2CA1B325C66CEA00F1874B /* MoviePage.swift in Sources */ = {isa = PBXBuildFile; fileRef = CE2CA1B225C66CEA00F1874B /* MoviePage.swift */; };
		CE2CA1B825C66DEF00F1874B /* NetworkRoute+Factory.swift in Sources */ = {isa = PBXBuildFile; fileRef = CE2CA1B725C66DEF00F1874B /* NetworkRoute+Factory.swift */; };
		CE2CA1BE25C6707600F1874B /* EnviromentManager.swift in Sources */ = {isa = PBXBuildFile; fileRef = CE2CA1BD25C6707600F1874B /* EnviromentManager.swift */; };
		CE34ECBD25C686F000D6F862 /* IMDBError.swift in Sources */ = {isa = PBXBuildFile; fileRef = CE34ECBC25C686F000D6F862 /* IMDBError.swift */; };
		CE7E0F0425C71CB200342553 /* MockError.swift in Sources */ = {isa = PBXBuildFile; fileRef = CE7E0F0325C71CB200342553 /* MockError.swift */; };
		CE7E0F0925C71DFB00342553 /* EnviromentManagerMock.swift in Sources */ = {isa = PBXBuildFile; fileRef = CE7E0F0825C71DFB00342553 /* EnviromentManagerMock.swift */; };
		CE7E0F1525C7750400342553 /* HeroDataStore.swift in Sources */ = {isa = PBXBuildFile; fileRef = CE7E0F1425C7750400342553 /* HeroDataStore.swift */; };
		CE7E0F1A25C7858900342553 /* MovieStorageProtocol.swift in Sources */ = {isa = PBXBuildFile; fileRef = CE7E0F1925C7858900342553 /* MovieStorageProtocol.swift */; };
		CE7E0F1F25C78E2000342553 /* MovieStorage.swift in Sources */ = {isa = PBXBuildFile; fileRef = CE7E0F1E25C78E2000342553 /* MovieStorage.swift */; };
		CE7E0F2525C78FBB00342553 /* HeroDataModel.xcdatamodeld in Sources */ = {isa = PBXBuildFile; fileRef = CE7E0F2325C78FBB00342553 /* HeroDataModel.xcdatamodeld */; };
		CE7E0F2A25C799CD00342553 /* MovieDatabaseWrapper.swift in Sources */ = {isa = PBXBuildFile; fileRef = CE7E0F2925C799CD00342553 /* MovieDatabaseWrapper.swift */; };
		CE7E0F3125C7A3DF00342553 /* MovieTests.swift in Sources */ = {isa = PBXBuildFile; fileRef = CE7E0F3025C7A3DF00342553 /* MovieTests.swift */; };
		CE7E0F3E25C7A64B00342553 /* Movie+Ext.swift in Sources */ = {isa = PBXBuildFile; fileRef = CE7E0F3D25C7A64B00342553 /* Movie+Ext.swift */; };
		CEA49AE425C7A9A60021DC94 /* MovieStorageTests.swift in Sources */ = {isa = PBXBuildFile; fileRef = CEA49AE325C7A9A60021DC94 /* MovieStorageTests.swift */; };
		CEF66DB625C90B8F00CC34A6 /* MovieDatabaseWrapperTests.swift in Sources */ = {isa = PBXBuildFile; fileRef = CEF66DB525C90B8F00CC34A6 /* MovieDatabaseWrapperTests.swift */; };
/* End PBXBuildFile section */

/* Begin PBXContainerItemProxy section */
		CE2CA11F25C5BA6600F1874B /* PBXContainerItemProxy */ = {
			isa = PBXContainerItemProxy;
			containerPortal = CE2CA10025C5BA6300F1874B /* Project object */;
			proxyType = 1;
			remoteGlobalIDString = CE2CA10725C5BA6400F1874B;
			remoteInfo = HeroIMDBClient;
		};
		CE2CA12A25C5BA6600F1874B /* PBXContainerItemProxy */ = {
			isa = PBXContainerItemProxy;
			containerPortal = CE2CA10025C5BA6300F1874B /* Project object */;
			proxyType = 1;
			remoteGlobalIDString = CE2CA10725C5BA6400F1874B;
			remoteInfo = HeroIMDBClient;
		};
/* End PBXContainerItemProxy section */

/* Begin PBXFileReference section */
		CE2CA10825C5BA6400F1874B /* HeroIMDBClient.app */ = {isa = PBXFileReference; explicitFileType = wrapper.application; includeInIndex = 0; path = HeroIMDBClient.app; sourceTree = BUILT_PRODUCTS_DIR; };
		CE2CA10B25C5BA6400F1874B /* AppDelegate.swift */ = {isa = PBXFileReference; lastKnownFileType = sourcecode.swift; path = AppDelegate.swift; sourceTree = "<group>"; };
		CE2CA10D25C5BA6400F1874B /* SceneDelegate.swift */ = {isa = PBXFileReference; lastKnownFileType = sourcecode.swift; path = SceneDelegate.swift; sourceTree = "<group>"; };
		CE2CA10F25C5BA6400F1874B /* ViewController.swift */ = {isa = PBXFileReference; lastKnownFileType = sourcecode.swift; path = ViewController.swift; sourceTree = "<group>"; };
		CE2CA11225C5BA6400F1874B /* Base */ = {isa = PBXFileReference; lastKnownFileType = file.storyboard; name = Base; path = Base.lproj/Main.storyboard; sourceTree = "<group>"; };
		CE2CA11425C5BA6600F1874B /* Assets.xcassets */ = {isa = PBXFileReference; lastKnownFileType = folder.assetcatalog; path = Assets.xcassets; sourceTree = "<group>"; };
		CE2CA11725C5BA6600F1874B /* Base */ = {isa = PBXFileReference; lastKnownFileType = file.storyboard; name = Base; path = Base.lproj/LaunchScreen.storyboard; sourceTree = "<group>"; };
		CE2CA11925C5BA6600F1874B /* Info.plist */ = {isa = PBXFileReference; lastKnownFileType = text.plist.xml; path = Info.plist; sourceTree = "<group>"; };
		CE2CA11E25C5BA6600F1874B /* HeroIMDBClientTests.xctest */ = {isa = PBXFileReference; explicitFileType = wrapper.cfbundle; includeInIndex = 0; path = HeroIMDBClientTests.xctest; sourceTree = BUILT_PRODUCTS_DIR; };
		CE2CA12425C5BA6600F1874B /* Info.plist */ = {isa = PBXFileReference; lastKnownFileType = text.plist.xml; path = Info.plist; sourceTree = "<group>"; };
		CE2CA12925C5BA6600F1874B /* HeroIMDBClientUITests.xctest */ = {isa = PBXFileReference; explicitFileType = wrapper.cfbundle; includeInIndex = 0; path = HeroIMDBClientUITests.xctest; sourceTree = BUILT_PRODUCTS_DIR; };
		CE2CA12D25C5BA6600F1874B /* HeroIMDBClientUITests.swift */ = {isa = PBXFileReference; lastKnownFileType = sourcecode.swift; path = HeroIMDBClientUITests.swift; sourceTree = "<group>"; };
		CE2CA12F25C5BA6600F1874B /* Info.plist */ = {isa = PBXFileReference; lastKnownFileType = text.plist.xml; path = Info.plist; sourceTree = "<group>"; };
		CE2CA14425C5CE2F00F1874B /* Bundle+Ext.swift */ = {isa = PBXFileReference; lastKnownFileType = sourcecode.swift; path = "Bundle+Ext.swift"; sourceTree = "<group>"; };
		CE2CA14C25C5D4A300F1874B /* LoadPopularMoview_succed.json */ = {isa = PBXFileReference; lastKnownFileType = text.json; path = LoadPopularMoview_succed.json; sourceTree = "<group>"; };
		CE2CA15125C5D50100F1874B /* LoadPopularMoview_error.json */ = {isa = PBXFileReference; lastKnownFileType = text.json; path = LoadPopularMoview_error.json; sourceTree = "<group>"; };
		CE2CA15725C5D59300F1874B /* MockURLProtocol.swift */ = {isa = PBXFileReference; lastKnownFileType = sourcecode.swift; path = MockURLProtocol.swift; sourceTree = "<group>"; };
		CE2CA15F25C5D64B00F1874B /* MockURLProtocol+Factory.swift */ = {isa = PBXFileReference; lastKnownFileType = sourcecode.swift; path = "MockURLProtocol+Factory.swift"; sourceTree = "<group>"; };
		CE2CA16625C5D7A000F1874B /* NetworkRouteTests.swift */ = {isa = PBXFileReference; lastKnownFileType = sourcecode.swift; path = NetworkRouteTests.swift; sourceTree = "<group>"; };
		CE2CA16E25C5D7FC00F1874B /* NetworkRoute.swift */ = {isa = PBXFileReference; lastKnownFileType = sourcecode.swift; path = NetworkRoute.swift; sourceTree = "<group>"; };
		CE2CA17425C659CF00F1874B /* NetworkProviderTests.swift */ = {isa = PBXFileReference; lastKnownFileType = sourcecode.swift; path = NetworkProviderTests.swift; sourceTree = "<group>"; };
		CE2CA17C25C65A2600F1874B /* NetworkProvider.swift */ = {isa = PBXFileReference; lastKnownFileType = sourcecode.swift; path = NetworkProvider.swift; sourceTree = "<group>"; };
		CE2CA18425C65EE100F1874B /* NetworkError.swift */ = {isa = PBXFileReference; lastKnownFileType = sourcecode.swift; path = NetworkError.swift; sourceTree = "<group>"; };
		CE2CA19025C6679500F1874B /* en */ = {isa = PBXFileReference; lastKnownFileType = text.plist.strings; name = en; path = en.lproj/Localization.strings; sourceTree = "<group>"; };
		CE2CA19225C667D200F1874B /* es-419 */ = {isa = PBXFileReference; lastKnownFileType = text.plist.strings; name = "es-419"; path = "es-419.lproj/Localization.strings"; sourceTree = "<group>"; };
		CE2CA19725C6699C00F1874B /* String+Ext.swift */ = {isa = PBXFileReference; lastKnownFileType = sourcecode.swift; path = "String+Ext.swift"; sourceTree = "<group>"; };
		CE2CA1A125C66A9E00F1874B /* NetworkErrorTests.swift */ = {isa = PBXFileReference; lastKnownFileType = sourcecode.swift; path = NetworkErrorTests.swift; sourceTree = "<group>"; };
		CE2CA1AD25C66C3C00F1874B /* Movie.swift */ = {isa = PBXFileReference; lastKnownFileType = sourcecode.swift; path = Movie.swift; sourceTree = "<group>"; };
		CE2CA1B225C66CEA00F1874B /* MoviePage.swift */ = {isa = PBXFileReference; lastKnownFileType = sourcecode.swift; path = MoviePage.swift; sourceTree = "<group>"; };
		CE2CA1B725C66DEF00F1874B /* NetworkRoute+Factory.swift */ = {isa = PBXFileReference; lastKnownFileType = sourcecode.swift; path = "NetworkRoute+Factory.swift"; sourceTree = "<group>"; };
		CE2CA1BD25C6707600F1874B /* EnviromentManager.swift */ = {isa = PBXFileReference; lastKnownFileType = sourcecode.swift; path = EnviromentManager.swift; sourceTree = "<group>"; };
		CE34ECBC25C686F000D6F862 /* IMDBError.swift */ = {isa = PBXFileReference; lastKnownFileType = sourcecode.swift; path = IMDBError.swift; sourceTree = "<group>"; };
		CE7E0F0325C71CB200342553 /* MockError.swift */ = {isa = PBXFileReference; lastKnownFileType = sourcecode.swift; path = MockError.swift; sourceTree = "<group>"; };
		CE7E0F0825C71DFB00342553 /* EnviromentManagerMock.swift */ = {isa = PBXFileReference; lastKnownFileType = sourcecode.swift; path = EnviromentManagerMock.swift; sourceTree = "<group>"; };
		CE7E0F1425C7750400342553 /* HeroDataStore.swift */ = {isa = PBXFileReference; lastKnownFileType = sourcecode.swift; path = HeroDataStore.swift; sourceTree = "<group>"; };
		CE7E0F1925C7858900342553 /* MovieStorageProtocol.swift */ = {isa = PBXFileReference; lastKnownFileType = sourcecode.swift; path = MovieStorageProtocol.swift; sourceTree = "<group>"; };
		CE7E0F1E25C78E2000342553 /* MovieStorage.swift */ = {isa = PBXFileReference; lastKnownFileType = sourcecode.swift; path = MovieStorage.swift; sourceTree = "<group>"; };
		CE7E0F2425C78FBB00342553 /* HeroDataModel.xcdatamodel */ = {isa = PBXFileReference; lastKnownFileType = wrapper.xcdatamodel; path = HeroDataModel.xcdatamodel; sourceTree = "<group>"; };
		CE7E0F2925C799CD00342553 /* MovieDatabaseWrapper.swift */ = {isa = PBXFileReference; lastKnownFileType = sourcecode.swift; path = MovieDatabaseWrapper.swift; sourceTree = "<group>"; };
		CE7E0F3025C7A3DF00342553 /* MovieTests.swift */ = {isa = PBXFileReference; lastKnownFileType = sourcecode.swift; path = MovieTests.swift; sourceTree = "<group>"; };
		CE7E0F3D25C7A64B00342553 /* Movie+Ext.swift */ = {isa = PBXFileReference; lastKnownFileType = sourcecode.swift; path = "Movie+Ext.swift"; sourceTree = "<group>"; };
		CEA49AE325C7A9A60021DC94 /* MovieStorageTests.swift */ = {isa = PBXFileReference; lastKnownFileType = sourcecode.swift; path = MovieStorageTests.swift; sourceTree = "<group>"; };
		CEF66DB525C90B8F00CC34A6 /* MovieDatabaseWrapperTests.swift */ = {isa = PBXFileReference; lastKnownFileType = sourcecode.swift; path = MovieDatabaseWrapperTests.swift; sourceTree = "<group>"; };
/* End PBXFileReference section */

/* Begin PBXFrameworksBuildPhase section */
		CE2CA10525C5BA6400F1874B /* Frameworks */ = {
			isa = PBXFrameworksBuildPhase;
			buildActionMask = 2147483647;
			files = (
			);
			runOnlyForDeploymentPostprocessing = 0;
		};
		CE2CA11B25C5BA6600F1874B /* Frameworks */ = {
			isa = PBXFrameworksBuildPhase;
			buildActionMask = 2147483647;
			files = (
			);
			runOnlyForDeploymentPostprocessing = 0;
		};
		CE2CA12625C5BA6600F1874B /* Frameworks */ = {
			isa = PBXFrameworksBuildPhase;
			buildActionMask = 2147483647;
			files = (
			);
			runOnlyForDeploymentPostprocessing = 0;
		};
/* End PBXFrameworksBuildPhase section */

/* Begin PBXGroup section */
		CE2CA0FF25C5BA6300F1874B = {
			isa = PBXGroup;
			children = (
				CE2CA10A25C5BA6400F1874B /* HeroIMDBClient */,
				CE2CA12125C5BA6600F1874B /* HeroIMDBClientTests */,
				CE2CA12C25C5BA6600F1874B /* HeroIMDBClientUITests */,
				CE2CA10925C5BA6400F1874B /* Products */,
			);
			sourceTree = "<group>";
		};
		CE2CA10925C5BA6400F1874B /* Products */ = {
			isa = PBXGroup;
			children = (
				CE2CA10825C5BA6400F1874B /* HeroIMDBClient.app */,
				CE2CA11E25C5BA6600F1874B /* HeroIMDBClientTests.xctest */,
				CE2CA12925C5BA6600F1874B /* HeroIMDBClientUITests.xctest */,
			);
			name = Products;
			sourceTree = "<group>";
		};
		CE2CA10A25C5BA6400F1874B /* HeroIMDBClient */ = {
			isa = PBXGroup;
			children = (
				CE7E0F1325C773B700342553 /* CoreData */,
				CE2CA1BC25C6705100F1874B /* Defaults */,
				CE2CA1AC25C66C2C00F1874B /* Models */,
				CE2CA19625C6697300F1874B /* Extensions */,
				CE2CA18925C6671D00F1874B /* Localization */,
				CE2CA16525C5D76800F1874B /* Networking */,
				CE2CA10B25C5BA6400F1874B /* AppDelegate.swift */,
				CE2CA10D25C5BA6400F1874B /* SceneDelegate.swift */,
				CE2CA10F25C5BA6400F1874B /* ViewController.swift */,
				CE2CA11125C5BA6400F1874B /* Main.storyboard */,
				CE2CA11425C5BA6600F1874B /* Assets.xcassets */,
				CE2CA11625C5BA6600F1874B /* LaunchScreen.storyboard */,
				CE2CA11925C5BA6600F1874B /* Info.plist */,
			);
			path = HeroIMDBClient;
			sourceTree = "<group>";
		};
		CE2CA12125C5BA6600F1874B /* HeroIMDBClientTests */ = {
			isa = PBXGroup;
			children = (
				CEA49AE225C7A9580021DC94 /* CoreData */,
				CE7E0F2E25C7A3C200342553 /* Models */,
				CE2CA14325C5CB4C00F1874B /* Extensions */,
				CE2CA14125C5CACB00F1874B /* Networking */,
				CE2CA12425C5BA6600F1874B /* Info.plist */,
			);
			path = HeroIMDBClientTests;
			sourceTree = "<group>";
		};
		CE2CA12C25C5BA6600F1874B /* HeroIMDBClientUITests */ = {
			isa = PBXGroup;
			children = (
				CE2CA12D25C5BA6600F1874B /* HeroIMDBClientUITests.swift */,
				CE2CA12F25C5BA6600F1874B /* Info.plist */,
			);
			path = HeroIMDBClientUITests;
			sourceTree = "<group>";
		};
		CE2CA14125C5CACB00F1874B /* Networking */ = {
			isa = PBXGroup;
			children = (
				CE2CA1A025C66A7300F1874B /* NetworkError */,
				CE2CA17325C659AA00F1874B /* NetworkProvider */,
				CE2CA16425C5D72000F1874B /* NetworkRoute */,
				CE2CA14225C5CB4200F1874B /* MockedData */,
			);
			path = Networking;
			sourceTree = "<group>";
		};
		CE2CA14225C5CB4200F1874B /* MockedData */ = {
			isa = PBXGroup;
			children = (
				CE2CA14C25C5D4A300F1874B /* LoadPopularMoview_succed.json */,
				CE2CA15125C5D50100F1874B /* LoadPopularMoview_error.json */,
				CE2CA15625C5D54E00F1874B /* Mocks */,
			);
			path = MockedData;
			sourceTree = "<group>";
		};
		CE2CA14325C5CB4C00F1874B /* Extensions */ = {
			isa = PBXGroup;
			children = (
				CE2CA14425C5CE2F00F1874B /* Bundle+Ext.swift */,
				CE7E0F3D25C7A64B00342553 /* Movie+Ext.swift */,
			);
			path = Extensions;
			sourceTree = "<group>";
		};
		CE2CA15625C5D54E00F1874B /* Mocks */ = {
			isa = PBXGroup;
			children = (
				CE2CA15725C5D59300F1874B /* MockURLProtocol.swift */,
				CE2CA15F25C5D64B00F1874B /* MockURLProtocol+Factory.swift */,
			);
			path = Mocks;
			sourceTree = "<group>";
		};
		CE2CA16425C5D72000F1874B /* NetworkRoute */ = {
			isa = PBXGroup;
			children = (
				CE2CA16625C5D7A000F1874B /* NetworkRouteTests.swift */,
				CE7E0F0825C71DFB00342553 /* EnviromentManagerMock.swift */,
			);
			path = NetworkRoute;
			sourceTree = "<group>";
		};
		CE2CA16525C5D76800F1874B /* Networking */ = {
			isa = PBXGroup;
			children = (
				CE2CA16E25C5D7FC00F1874B /* NetworkRoute.swift */,
				CE2CA1B725C66DEF00F1874B /* NetworkRoute+Factory.swift */,
				CE2CA17C25C65A2600F1874B /* NetworkProvider.swift */,
				CE2CA18425C65EE100F1874B /* NetworkError.swift */,
			);
			path = Networking;
			sourceTree = "<group>";
		};
		CE2CA17325C659AA00F1874B /* NetworkProvider */ = {
			isa = PBXGroup;
			children = (
				CE2CA17425C659CF00F1874B /* NetworkProviderTests.swift */,
			);
			path = NetworkProvider;
			sourceTree = "<group>";
		};
		CE2CA18925C6671D00F1874B /* Localization */ = {
			isa = PBXGroup;
			children = (
				CE2CA19125C6679500F1874B /* Localization.strings */,
			);
			path = Localization;
			sourceTree = "<group>";
		};
		CE2CA19625C6697300F1874B /* Extensions */ = {
			isa = PBXGroup;
			children = (
				CE2CA19725C6699C00F1874B /* String+Ext.swift */,
			);
			path = Extensions;
			sourceTree = "<group>";
		};
		CE2CA1A025C66A7300F1874B /* NetworkError */ = {
			isa = PBXGroup;
			children = (
				CE2CA1A125C66A9E00F1874B /* NetworkErrorTests.swift */,
				CE7E0F0325C71CB200342553 /* MockError.swift */,
			);
			path = NetworkError;
			sourceTree = "<group>";
		};
		CE2CA1AC25C66C2C00F1874B /* Models */ = {
			isa = PBXGroup;
			children = (
				CE2CA1AD25C66C3C00F1874B /* Movie.swift */,
				CE2CA1B225C66CEA00F1874B /* MoviePage.swift */,
				CE34ECBC25C686F000D6F862 /* IMDBError.swift */,
			);
			path = Models;
			sourceTree = "<group>";
		};
		CE2CA1BC25C6705100F1874B /* Defaults */ = {
			isa = PBXGroup;
			children = (
				CE2CA1BD25C6707600F1874B /* EnviromentManager.swift */,
			);
			path = Defaults;
			sourceTree = "<group>";
		};
		CE7E0F1325C773B700342553 /* CoreData */ = {
			isa = PBXGroup;
			children = (
				CE7E0F1425C7750400342553 /* HeroDataStore.swift */,
				CE7E0F1925C7858900342553 /* MovieStorageProtocol.swift */,
				CE7E0F1E25C78E2000342553 /* MovieStorage.swift */,
				CE7E0F2325C78FBB00342553 /* HeroDataModel.xcdatamodeld */,
				CE7E0F2925C799CD00342553 /* MovieDatabaseWrapper.swift */,
			);
			path = CoreData;
			sourceTree = "<group>";
		};
		CE7E0F2E25C7A3C200342553 /* Models */ = {
			isa = PBXGroup;
			children = (
				CE7E0F2F25C7A3C800342553 /* Movie */,
			);
			path = Models;
			sourceTree = "<group>";
		};
		CE7E0F2F25C7A3C800342553 /* Movie */ = {
			isa = PBXGroup;
			children = (
				CE7E0F3025C7A3DF00342553 /* MovieTests.swift */,
			);
			path = Movie;
			sourceTree = "<group>";
		};
		CEA49AE225C7A9580021DC94 /* CoreData */ = {
			isa = PBXGroup;
			children = (
				CEA49AE325C7A9A60021DC94 /* MovieStorageTests.swift */,
				CEF66DB525C90B8F00CC34A6 /* MovieDatabaseWrapperTests.swift */,
			);
			path = CoreData;
			sourceTree = "<group>";
		};
/* End PBXGroup section */

/* Begin PBXNativeTarget section */
		CE2CA10725C5BA6400F1874B /* HeroIMDBClient */ = {
			isa = PBXNativeTarget;
			buildConfigurationList = CE2CA13225C5BA6600F1874B /* Build configuration list for PBXNativeTarget "HeroIMDBClient" */;
			buildPhases = (
				CE2CA10425C5BA6400F1874B /* Sources */,
				CE2CA10525C5BA6400F1874B /* Frameworks */,
				CE2CA10625C5BA6400F1874B /* Resources */,
			);
			buildRules = (
			);
			dependencies = (
			);
			name = HeroIMDBClient;
			productName = HeroIMDBClient;
			productReference = CE2CA10825C5BA6400F1874B /* HeroIMDBClient.app */;
			productType = "com.apple.product-type.application";
		};
		CE2CA11D25C5BA6600F1874B /* HeroIMDBClientTests */ = {
			isa = PBXNativeTarget;
			buildConfigurationList = CE2CA13525C5BA6600F1874B /* Build configuration list for PBXNativeTarget "HeroIMDBClientTests" */;
			buildPhases = (
				CE2CA11A25C5BA6600F1874B /* Sources */,
				CE2CA11B25C5BA6600F1874B /* Frameworks */,
				CE2CA11C25C5BA6600F1874B /* Resources */,
			);
			buildRules = (
			);
			dependencies = (
				CE2CA12025C5BA6600F1874B /* PBXTargetDependency */,
			);
			name = HeroIMDBClientTests;
			productName = HeroIMDBClientTests;
			productReference = CE2CA11E25C5BA6600F1874B /* HeroIMDBClientTests.xctest */;
			productType = "com.apple.product-type.bundle.unit-test";
		};
		CE2CA12825C5BA6600F1874B /* HeroIMDBClientUITests */ = {
			isa = PBXNativeTarget;
			buildConfigurationList = CE2CA13825C5BA6600F1874B /* Build configuration list for PBXNativeTarget "HeroIMDBClientUITests" */;
			buildPhases = (
				CE2CA12525C5BA6600F1874B /* Sources */,
				CE2CA12625C5BA6600F1874B /* Frameworks */,
				CE2CA12725C5BA6600F1874B /* Resources */,
			);
			buildRules = (
			);
			dependencies = (
				CE2CA12B25C5BA6600F1874B /* PBXTargetDependency */,
			);
			name = HeroIMDBClientUITests;
			productName = HeroIMDBClientUITests;
			productReference = CE2CA12925C5BA6600F1874B /* HeroIMDBClientUITests.xctest */;
			productType = "com.apple.product-type.bundle.ui-testing";
		};
/* End PBXNativeTarget section */

/* Begin PBXProject section */
		CE2CA10025C5BA6300F1874B /* Project object */ = {
			isa = PBXProject;
			attributes = {
				LastSwiftUpdateCheck = 1220;
				LastUpgradeCheck = 1220;
				TargetAttributes = {
					CE2CA10725C5BA6400F1874B = {
						CreatedOnToolsVersion = 12.2;
					};
					CE2CA11D25C5BA6600F1874B = {
						CreatedOnToolsVersion = 12.2;
						LastSwiftMigration = 1220;
						TestTargetID = CE2CA10725C5BA6400F1874B;
					};
					CE2CA12825C5BA6600F1874B = {
						CreatedOnToolsVersion = 12.2;
						TestTargetID = CE2CA10725C5BA6400F1874B;
					};
				};
			};
			buildConfigurationList = CE2CA10325C5BA6300F1874B /* Build configuration list for PBXProject "HeroIMDBClient" */;
			compatibilityVersion = "Xcode 9.3";
			developmentRegion = en;
			hasScannedForEncodings = 0;
			knownRegions = (
				en,
				Base,
				"es-419",
			);
			mainGroup = CE2CA0FF25C5BA6300F1874B;
			productRefGroup = CE2CA10925C5BA6400F1874B /* Products */;
			projectDirPath = "";
			projectRoot = "";
			targets = (
				CE2CA10725C5BA6400F1874B /* HeroIMDBClient */,
				CE2CA11D25C5BA6600F1874B /* HeroIMDBClientTests */,
				CE2CA12825C5BA6600F1874B /* HeroIMDBClientUITests */,
			);
		};
/* End PBXProject section */

/* Begin PBXResourcesBuildPhase section */
		CE2CA10625C5BA6400F1874B /* Resources */ = {
			isa = PBXResourcesBuildPhase;
			buildActionMask = 2147483647;
			files = (
				CE2CA11825C5BA6600F1874B /* LaunchScreen.storyboard in Resources */,
				CE2CA18F25C6679500F1874B /* Localization.strings in Resources */,
				CE2CA11525C5BA6600F1874B /* Assets.xcassets in Resources */,
				CE2CA11325C5BA6400F1874B /* Main.storyboard in Resources */,
			);
			runOnlyForDeploymentPostprocessing = 0;
		};
		CE2CA11C25C5BA6600F1874B /* Resources */ = {
			isa = PBXResourcesBuildPhase;
			buildActionMask = 2147483647;
			files = (
				CE2CA14D25C5D4A300F1874B /* LoadPopularMoview_succed.json in Resources */,
				CE2CA15225C5D50100F1874B /* LoadPopularMoview_error.json in Resources */,
			);
			runOnlyForDeploymentPostprocessing = 0;
		};
		CE2CA12725C5BA6600F1874B /* Resources */ = {
			isa = PBXResourcesBuildPhase;
			buildActionMask = 2147483647;
			files = (
			);
			runOnlyForDeploymentPostprocessing = 0;
		};
/* End PBXResourcesBuildPhase section */

/* Begin PBXSourcesBuildPhase section */
		CE2CA10425C5BA6400F1874B /* Sources */ = {
			isa = PBXSourcesBuildPhase;
			buildActionMask = 2147483647;
			files = (
				CE2CA11025C5BA6400F1874B /* ViewController.swift in Sources */,
				CE2CA1B825C66DEF00F1874B /* NetworkRoute+Factory.swift in Sources */,
				CE2CA19825C6699C00F1874B /* String+Ext.swift in Sources */,
				CE2CA1B325C66CEA00F1874B /* MoviePage.swift in Sources */,
				CE7E0F2A25C799CD00342553 /* MovieDatabaseWrapper.swift in Sources */,
				CE34ECBD25C686F000D6F862 /* IMDBError.swift in Sources */,
				CE2CA10C25C5BA6400F1874B /* AppDelegate.swift in Sources */,
				CE2CA16F25C5D7FC00F1874B /* NetworkRoute.swift in Sources */,
				CE2CA18525C65EE100F1874B /* NetworkError.swift in Sources */,
				CE7E0F1F25C78E2000342553 /* MovieStorage.swift in Sources */,
				CE7E0F1A25C7858900342553 /* MovieStorageProtocol.swift in Sources */,
				CE2CA10E25C5BA6400F1874B /* SceneDelegate.swift in Sources */,
				CE7E0F2525C78FBB00342553 /* HeroDataModel.xcdatamodeld in Sources */,
				CE2CA1AE25C66C3C00F1874B /* Movie.swift in Sources */,
				CE7E0F1525C7750400342553 /* HeroDataStore.swift in Sources */,
				CE2CA17D25C65A2600F1874B /* NetworkProvider.swift in Sources */,
				CE2CA1BE25C6707600F1874B /* EnviromentManager.swift in Sources */,
			);
			runOnlyForDeploymentPostprocessing = 0;
		};
		CE2CA11A25C5BA6600F1874B /* Sources */ = {
			isa = PBXSourcesBuildPhase;
			buildActionMask = 2147483647;
			files = (
				CEF66DB625C90B8F00CC34A6 /* MovieDatabaseWrapperTests.swift in Sources */,
				CE7E0F3125C7A3DF00342553 /* MovieTests.swift in Sources */,
				CE2CA19C25C66A6000F1874B /* String+Ext.swift in Sources */,
				CE7E0F0925C71DFB00342553 /* EnviromentManagerMock.swift in Sources */,
				CE2CA1A225C66A9E00F1874B /* NetworkErrorTests.swift in Sources */,
				CE2CA14525C5CE2F00F1874B /* Bundle+Ext.swift in Sources */,
				CE2CA16025C5D64B00F1874B /* MockURLProtocol+Factory.swift in Sources */,
				CEA49AE425C7A9A60021DC94 /* MovieStorageTests.swift in Sources */,
				CE7E0F3E25C7A64B00342553 /* Movie+Ext.swift in Sources */,
				CE2CA16725C5D7A000F1874B /* NetworkRouteTests.swift in Sources */,
				CE2CA15825C5D59300F1874B /* MockURLProtocol.swift in Sources */,
				CE7E0F0425C71CB200342553 /* MockError.swift in Sources */,
				CE2CA17525C659CF00F1874B /* NetworkProviderTests.swift in Sources */,
			);
			runOnlyForDeploymentPostprocessing = 0;
		};
		CE2CA12525C5BA6600F1874B /* Sources */ = {
			isa = PBXSourcesBuildPhase;
			buildActionMask = 2147483647;
			files = (
				CE2CA12E25C5BA6600F1874B /* HeroIMDBClientUITests.swift in Sources */,
			);
			runOnlyForDeploymentPostprocessing = 0;
		};
/* End PBXSourcesBuildPhase section */

/* Begin PBXTargetDependency section */
		CE2CA12025C5BA6600F1874B /* PBXTargetDependency */ = {
			isa = PBXTargetDependency;
			target = CE2CA10725C5BA6400F1874B /* HeroIMDBClient */;
			targetProxy = CE2CA11F25C5BA6600F1874B /* PBXContainerItemProxy */;
		};
		CE2CA12B25C5BA6600F1874B /* PBXTargetDependency */ = {
			isa = PBXTargetDependency;
			target = CE2CA10725C5BA6400F1874B /* HeroIMDBClient */;
			targetProxy = CE2CA12A25C5BA6600F1874B /* PBXContainerItemProxy */;
		};
/* End PBXTargetDependency section */

/* Begin PBXVariantGroup section */
		CE2CA11125C5BA6400F1874B /* Main.storyboard */ = {
			isa = PBXVariantGroup;
			children = (
				CE2CA11225C5BA6400F1874B /* Base */,
			);
			name = Main.storyboard;
			sourceTree = "<group>";
		};
		CE2CA11625C5BA6600F1874B /* LaunchScreen.storyboard */ = {
			isa = PBXVariantGroup;
			children = (
				CE2CA11725C5BA6600F1874B /* Base */,
			);
			name = LaunchScreen.storyboard;
			sourceTree = "<group>";
		};
		CE2CA19125C6679500F1874B /* Localization.strings */ = {
			isa = PBXVariantGroup;
			children = (
				CE2CA19025C6679500F1874B /* en */,
				CE2CA19225C667D200F1874B /* es-419 */,
			);
			name = Localization.strings;
			sourceTree = "<group>";
		};
/* End PBXVariantGroup section */

/* Begin XCBuildConfiguration section */
		CE2CA13025C5BA6600F1874B /* Debug */ = {
			isa = XCBuildConfiguration;
			buildSettings = {
				ALWAYS_SEARCH_USER_PATHS = NO;
				CLANG_ANALYZER_LOCALIZABILITY_NONLOCALIZED = YES;
				CLANG_ANALYZER_NONNULL = YES;
				CLANG_ANALYZER_NUMBER_OBJECT_CONVERSION = YES_AGGRESSIVE;
				CLANG_CXX_LANGUAGE_STANDARD = "gnu++14";
				CLANG_CXX_LIBRARY = "libc++";
				CLANG_ENABLE_MODULES = YES;
				CLANG_ENABLE_OBJC_ARC = YES;
				CLANG_ENABLE_OBJC_WEAK = YES;
				CLANG_WARN_BLOCK_CAPTURE_AUTORELEASING = YES;
				CLANG_WARN_BOOL_CONVERSION = YES;
				CLANG_WARN_COMMA = YES;
				CLANG_WARN_CONSTANT_CONVERSION = YES;
				CLANG_WARN_DEPRECATED_OBJC_IMPLEMENTATIONS = YES;
				CLANG_WARN_DIRECT_OBJC_ISA_USAGE = YES_ERROR;
				CLANG_WARN_DOCUMENTATION_COMMENTS = YES;
				CLANG_WARN_EMPTY_BODY = YES;
				CLANG_WARN_ENUM_CONVERSION = YES;
				CLANG_WARN_INFINITE_RECURSION = YES;
				CLANG_WARN_INT_CONVERSION = YES;
				CLANG_WARN_NON_LITERAL_NULL_CONVERSION = YES;
				CLANG_WARN_OBJC_IMPLICIT_RETAIN_SELF = YES;
				CLANG_WARN_OBJC_LITERAL_CONVERSION = YES;
				CLANG_WARN_OBJC_ROOT_CLASS = YES_ERROR;
				CLANG_WARN_QUOTED_INCLUDE_IN_FRAMEWORK_HEADER = YES;
				CLANG_WARN_RANGE_LOOP_ANALYSIS = YES;
				CLANG_WARN_STRICT_PROTOTYPES = YES;
				CLANG_WARN_SUSPICIOUS_MOVE = YES;
				CLANG_WARN_UNGUARDED_AVAILABILITY = YES_AGGRESSIVE;
				CLANG_WARN_UNREACHABLE_CODE = YES;
				CLANG_WARN__DUPLICATE_METHOD_MATCH = YES;
				COPY_PHASE_STRIP = NO;
				DEBUG_INFORMATION_FORMAT = dwarf;
				ENABLE_STRICT_OBJC_MSGSEND = YES;
				ENABLE_TESTABILITY = YES;
				GCC_C_LANGUAGE_STANDARD = gnu11;
				GCC_DYNAMIC_NO_PIC = NO;
				GCC_NO_COMMON_BLOCKS = YES;
				GCC_OPTIMIZATION_LEVEL = 0;
				GCC_PREPROCESSOR_DEFINITIONS = (
					"DEBUG=1",
					"$(inherited)",
				);
				GCC_WARN_64_TO_32_BIT_CONVERSION = YES;
				GCC_WARN_ABOUT_RETURN_TYPE = YES_ERROR;
				GCC_WARN_UNDECLARED_SELECTOR = YES;
				GCC_WARN_UNINITIALIZED_AUTOS = YES_AGGRESSIVE;
				GCC_WARN_UNUSED_FUNCTION = YES;
				GCC_WARN_UNUSED_VARIABLE = YES;
				IPHONEOS_DEPLOYMENT_TARGET = 14.2;
				MTL_ENABLE_DEBUG_INFO = INCLUDE_SOURCE;
				MTL_FAST_MATH = YES;
				ONLY_ACTIVE_ARCH = YES;
				SDKROOT = iphoneos;
				SWIFT_ACTIVE_COMPILATION_CONDITIONS = DEBUG;
				SWIFT_OPTIMIZATION_LEVEL = "-Onone";
			};
			name = Debug;
		};
		CE2CA13125C5BA6600F1874B /* Release */ = {
			isa = XCBuildConfiguration;
			buildSettings = {
				ALWAYS_SEARCH_USER_PATHS = NO;
				CLANG_ANALYZER_LOCALIZABILITY_NONLOCALIZED = YES;
				CLANG_ANALYZER_NONNULL = YES;
				CLANG_ANALYZER_NUMBER_OBJECT_CONVERSION = YES_AGGRESSIVE;
				CLANG_CXX_LANGUAGE_STANDARD = "gnu++14";
				CLANG_CXX_LIBRARY = "libc++";
				CLANG_ENABLE_MODULES = YES;
				CLANG_ENABLE_OBJC_ARC = YES;
				CLANG_ENABLE_OBJC_WEAK = YES;
				CLANG_WARN_BLOCK_CAPTURE_AUTORELEASING = YES;
				CLANG_WARN_BOOL_CONVERSION = YES;
				CLANG_WARN_COMMA = YES;
				CLANG_WARN_CONSTANT_CONVERSION = YES;
				CLANG_WARN_DEPRECATED_OBJC_IMPLEMENTATIONS = YES;
				CLANG_WARN_DIRECT_OBJC_ISA_USAGE = YES_ERROR;
				CLANG_WARN_DOCUMENTATION_COMMENTS = YES;
				CLANG_WARN_EMPTY_BODY = YES;
				CLANG_WARN_ENUM_CONVERSION = YES;
				CLANG_WARN_INFINITE_RECURSION = YES;
				CLANG_WARN_INT_CONVERSION = YES;
				CLANG_WARN_NON_LITERAL_NULL_CONVERSION = YES;
				CLANG_WARN_OBJC_IMPLICIT_RETAIN_SELF = YES;
				CLANG_WARN_OBJC_LITERAL_CONVERSION = YES;
				CLANG_WARN_OBJC_ROOT_CLASS = YES_ERROR;
				CLANG_WARN_QUOTED_INCLUDE_IN_FRAMEWORK_HEADER = YES;
				CLANG_WARN_RANGE_LOOP_ANALYSIS = YES;
				CLANG_WARN_STRICT_PROTOTYPES = YES;
				CLANG_WARN_SUSPICIOUS_MOVE = YES;
				CLANG_WARN_UNGUARDED_AVAILABILITY = YES_AGGRESSIVE;
				CLANG_WARN_UNREACHABLE_CODE = YES;
				CLANG_WARN__DUPLICATE_METHOD_MATCH = YES;
				COPY_PHASE_STRIP = NO;
				DEBUG_INFORMATION_FORMAT = "dwarf-with-dsym";
				ENABLE_NS_ASSERTIONS = NO;
				ENABLE_STRICT_OBJC_MSGSEND = YES;
				GCC_C_LANGUAGE_STANDARD = gnu11;
				GCC_NO_COMMON_BLOCKS = YES;
				GCC_WARN_64_TO_32_BIT_CONVERSION = YES;
				GCC_WARN_ABOUT_RETURN_TYPE = YES_ERROR;
				GCC_WARN_UNDECLARED_SELECTOR = YES;
				GCC_WARN_UNINITIALIZED_AUTOS = YES_AGGRESSIVE;
				GCC_WARN_UNUSED_FUNCTION = YES;
				GCC_WARN_UNUSED_VARIABLE = YES;
				IPHONEOS_DEPLOYMENT_TARGET = 14.2;
				MTL_ENABLE_DEBUG_INFO = NO;
				MTL_FAST_MATH = YES;
				SDKROOT = iphoneos;
				SWIFT_COMPILATION_MODE = wholemodule;
				SWIFT_OPTIMIZATION_LEVEL = "-O";
				VALIDATE_PRODUCT = YES;
			};
			name = Release;
		};
		CE2CA13325C5BA6600F1874B /* Debug */ = {
			isa = XCBuildConfiguration;
			buildSettings = {
				ASSETCATALOG_COMPILER_APPICON_NAME = AppIcon;
				ASSETCATALOG_COMPILER_GLOBAL_ACCENT_COLOR_NAME = AccentColor;
				CODE_SIGN_STYLE = Automatic;
				DEVELOPMENT_TEAM = S6AFWAWALQ;
				INFOPLIST_FILE = HeroIMDBClient/Info.plist;
				LD_RUNPATH_SEARCH_PATHS = (
					"$(inherited)",
					"@executable_path/Frameworks",
				);
				PRODUCT_BUNDLE_IDENTIFIER = com.horacio.guzman.HeroIMDBClient;
				PRODUCT_NAME = "$(TARGET_NAME)";
				SWIFT_VERSION = 5.0;
				TARGETED_DEVICE_FAMILY = "1,2";
			};
			name = Debug;
		};
		CE2CA13425C5BA6600F1874B /* Release */ = {
			isa = XCBuildConfiguration;
			buildSettings = {
				ASSETCATALOG_COMPILER_APPICON_NAME = AppIcon;
				ASSETCATALOG_COMPILER_GLOBAL_ACCENT_COLOR_NAME = AccentColor;
				CODE_SIGN_STYLE = Automatic;
				DEVELOPMENT_TEAM = S6AFWAWALQ;
				INFOPLIST_FILE = HeroIMDBClient/Info.plist;
				LD_RUNPATH_SEARCH_PATHS = (
					"$(inherited)",
					"@executable_path/Frameworks",
				);
				PRODUCT_BUNDLE_IDENTIFIER = com.horacio.guzman.HeroIMDBClient;
				PRODUCT_NAME = "$(TARGET_NAME)";
				SWIFT_VERSION = 5.0;
				TARGETED_DEVICE_FAMILY = "1,2";
			};
			name = Release;
		};
		CE2CA13625C5BA6600F1874B /* Debug */ = {
			isa = XCBuildConfiguration;
			buildSettings = {
				ALWAYS_EMBED_SWIFT_STANDARD_LIBRARIES = YES;
				BUNDLE_LOADER = "$(TEST_HOST)";
				CLANG_ENABLE_MODULES = YES;
				CODE_SIGN_STYLE = Automatic;
				DEVELOPMENT_TEAM = S6AFWAWALQ;
				INFOPLIST_FILE = HeroIMDBClientTests/Info.plist;
				IPHONEOS_DEPLOYMENT_TARGET = 14.2;
				LD_RUNPATH_SEARCH_PATHS = (
					"$(inherited)",
					"@executable_path/Frameworks",
					"@loader_path/Frameworks",
				);
				PRODUCT_BUNDLE_IDENTIFIER = com.horacio.guzman.HeroIMDBClientTests;
				PRODUCT_NAME = "$(TARGET_NAME)";
				SWIFT_OPTIMIZATION_LEVEL = "-Onone";
				SWIFT_VERSION = 5.0;
				TARGETED_DEVICE_FAMILY = "1,2";
				TEST_HOST = "$(BUILT_PRODUCTS_DIR)/HeroIMDBClient.app/HeroIMDBClient";
			};
			name = Debug;
		};
		CE2CA13725C5BA6600F1874B /* Release */ = {
			isa = XCBuildConfiguration;
			buildSettings = {
				ALWAYS_EMBED_SWIFT_STANDARD_LIBRARIES = YES;
				BUNDLE_LOADER = "$(TEST_HOST)";
				CLANG_ENABLE_MODULES = YES;
				CODE_SIGN_STYLE = Automatic;
				DEVELOPMENT_TEAM = S6AFWAWALQ;
				INFOPLIST_FILE = HeroIMDBClientTests/Info.plist;
				IPHONEOS_DEPLOYMENT_TARGET = 14.2;
				LD_RUNPATH_SEARCH_PATHS = (
					"$(inherited)",
					"@executable_path/Frameworks",
					"@loader_path/Frameworks",
				);
				PRODUCT_BUNDLE_IDENTIFIER = com.horacio.guzman.HeroIMDBClientTests;
				PRODUCT_NAME = "$(TARGET_NAME)";
				SWIFT_VERSION = 5.0;
				TARGETED_DEVICE_FAMILY = "1,2";
				TEST_HOST = "$(BUILT_PRODUCTS_DIR)/HeroIMDBClient.app/HeroIMDBClient";
			};
			name = Release;
		};
		CE2CA13925C5BA6600F1874B /* Debug */ = {
			isa = XCBuildConfiguration;
			buildSettings = {
				ALWAYS_EMBED_SWIFT_STANDARD_LIBRARIES = YES;
				CODE_SIGN_STYLE = Automatic;
				DEVELOPMENT_TEAM = S6AFWAWALQ;
				INFOPLIST_FILE = HeroIMDBClientUITests/Info.plist;
				LD_RUNPATH_SEARCH_PATHS = (
					"$(inherited)",
					"@executable_path/Frameworks",
					"@loader_path/Frameworks",
				);
				PRODUCT_BUNDLE_IDENTIFIER = com.horacio.guzman.HeroIMDBClientUITests;
				PRODUCT_NAME = "$(TARGET_NAME)";
				SWIFT_VERSION = 5.0;
				TARGETED_DEVICE_FAMILY = "1,2";
				TEST_TARGET_NAME = HeroIMDBClient;
			};
			name = Debug;
		};
		CE2CA13A25C5BA6600F1874B /* Release */ = {
			isa = XCBuildConfiguration;
			buildSettings = {
				ALWAYS_EMBED_SWIFT_STANDARD_LIBRARIES = YES;
				CODE_SIGN_STYLE = Automatic;
				DEVELOPMENT_TEAM = S6AFWAWALQ;
				INFOPLIST_FILE = HeroIMDBClientUITests/Info.plist;
				LD_RUNPATH_SEARCH_PATHS = (
					"$(inherited)",
					"@executable_path/Frameworks",
					"@loader_path/Frameworks",
				);
				PRODUCT_BUNDLE_IDENTIFIER = com.horacio.guzman.HeroIMDBClientUITests;
				PRODUCT_NAME = "$(TARGET_NAME)";
				SWIFT_VERSION = 5.0;
				TARGETED_DEVICE_FAMILY = "1,2";
				TEST_TARGET_NAME = HeroIMDBClient;
			};
			name = Release;
		};
/* End XCBuildConfiguration section */

/* Begin XCConfigurationList section */
		CE2CA10325C5BA6300F1874B /* Build configuration list for PBXProject "HeroIMDBClient" */ = {
			isa = XCConfigurationList;
			buildConfigurations = (
				CE2CA13025C5BA6600F1874B /* Debug */,
				CE2CA13125C5BA6600F1874B /* Release */,
			);
			defaultConfigurationIsVisible = 0;
			defaultConfigurationName = Release;
		};
		CE2CA13225C5BA6600F1874B /* Build configuration list for PBXNativeTarget "HeroIMDBClient" */ = {
			isa = XCConfigurationList;
			buildConfigurations = (
				CE2CA13325C5BA6600F1874B /* Debug */,
				CE2CA13425C5BA6600F1874B /* Release */,
			);
			defaultConfigurationIsVisible = 0;
			defaultConfigurationName = Release;
		};
		CE2CA13525C5BA6600F1874B /* Build configuration list for PBXNativeTarget "HeroIMDBClientTests" */ = {
			isa = XCConfigurationList;
			buildConfigurations = (
				CE2CA13625C5BA6600F1874B /* Debug */,
				CE2CA13725C5BA6600F1874B /* Release */,
			);
			defaultConfigurationIsVisible = 0;
			defaultConfigurationName = Release;
		};
		CE2CA13825C5BA6600F1874B /* Build configuration list for PBXNativeTarget "HeroIMDBClientUITests" */ = {
			isa = XCConfigurationList;
			buildConfigurations = (
				CE2CA13925C5BA6600F1874B /* Debug */,
				CE2CA13A25C5BA6600F1874B /* Release */,
			);
			defaultConfigurationIsVisible = 0;
			defaultConfigurationName = Release;
		};
/* End XCConfigurationList section */

/* Begin XCVersionGroup section */
		CE7E0F2325C78FBB00342553 /* HeroDataModel.xcdatamodeld */ = {
			isa = XCVersionGroup;
			children = (
				CE7E0F2425C78FBB00342553 /* HeroDataModel.xcdatamodel */,
			);
			currentVersion = CE7E0F2425C78FBB00342553 /* HeroDataModel.xcdatamodel */;
			path = HeroDataModel.xcdatamodeld;
			sourceTree = "<group>";
			versionGroupType = wrapper.xcdatamodel;
		};
/* End XCVersionGroup section */
	};
	rootObject = CE2CA10025C5BA6300F1874B /* Project object */;
}
